<?xml version="1.0" encoding="utf-8"?>
<Project ToolsVersion="4.0" xmlns="http://schemas.microsoft.com/developer/msbuild/2003">
  <ItemGroup>
    <Filter Include="Resource Files">
      <UniqueIdentifier>{1a913106-0be0-4476-b0ce-2aa855072614}</UniqueIdentifier>
      <Extensions>ico;cur;bmp;dlg;rc2;rct;bin;cnt;rtf;gif;jpg;jpeg;jpe</Extensions>
    </Filter>
    <Filter Include="MFC">
      <UniqueIdentifier>{da904ee8-7f59-4a6c-b3ff-b91b6fb6d0ea}</UniqueIdentifier>
    </Filter>
    <Filter Include="GameLibrary">
      <UniqueIdentifier>{df7aa532-3fdf-46a0-b3fc-8f5922e8d9e4}</UniqueIdentifier>
    </Filter>
    <Filter Include="MyGame">
      <UniqueIdentifier>{0c798913-b7d2-4e26-8241-0f83266cd626}</UniqueIdentifier>
    </Filter>
  </ItemGroup>
  <ItemGroup>
    <None Include="Res\ball.bmp">
      <Filter>Resource Files</Filter>
    </None>
    <None Include="RES\bmp0.bmp">
      <Filter>Resource Files</Filter>
    </None>
    <None Include="RES\bmp1.bmp">
      <Filter>Resource Files</Filter>
    </None>
    <None Include="RES\bmp10.bmp">
      <Filter>Resource Files</Filter>
    </None>
    <None Include="RES\bmp2.bmp">
      <Filter>Resource Files</Filter>
    </None>
    <None Include="RES\bmp3.bmp">
      <Filter>Resource Files</Filter>
    </None>
    <None Include="RES\bmp4.bmp">
      <Filter>Resource Files</Filter>
    </None>
    <None Include="RES\bmp5.bmp">
      <Filter>Resource Files</Filter>
    </None>
    <None Include="RES\bmp6.bmp">
      <Filter>Resource Files</Filter>
    </None>
    <None Include="RES\bmp7.bmp">
      <Filter>Resource Files</Filter>
    </None>
    <None Include="RES\bmp8.bmp">
      <Filter>Resource Files</Filter>
    </None>
    <None Include="RES\bmp9.bmp">
      <Filter>Resource Files</Filter>
    </None>
    <None Include="RES\center.bmp">
      <Filter>Resource Files</Filter>
    </None>
    <None Include="RES\continue.bmp">
      <Filter>Resource Files</Filter>
    </None>
    <None Include="Res\corner.bmp">
      <Filter>Resource Files</Filter>
    </None>
    <None Include="RES\eraser1.bmp">
      <Filter>Resource Files</Filter>
    </None>
    <None Include="RES\eraser2.bmp">
      <Filter>Resource Files</Filter>
    </None>
    <None Include="RES\eraser3.bmp">
      <Filter>Resource Files</Filter>
    </None>
    <None Include="res\game.ico">
      <Filter>Resource Files</Filter>
    </None>
    <None Include="res\game.rc2">
      <Filter>Resource Files</Filter>
    </None>
    <None Include="RES\gamecurs.cur">
      <Filter>Resource Files</Filter>
    </None>
    <None Include="res\gameDoc.ico">
      <Filter>Resource Files</Filter>
    </None>
    <None Include="RES\help.bmp">
      <Filter>Resource Files</Filter>
    </None>
    <None Include="RES\loading.bmp">
      <Filter>Resource Files</Filter>
    </None>
    <None Include="RES\ntutcsie.bmp">
      <Filter>Resource Files</Filter>
    </None>
    <None Include="res\Toolbar.bmp">
      <Filter>Resource Files</Filter>
    </None>
    <None Include="RES\attack_menu.ai">
      <Filter>Resource Files</Filter>
    </None>
    <None Include="RES\dialog.ai">
      <Filter>Resource Files</Filter>
    </None>
    <None Include="RES\menu.ai">
      <Filter>Resource Files</Filter>
    </None>
    <None Include="RES\optionArrow.ai">
      <Filter>Resource Files</Filter>
    </None>
    <None Include="RES\optionMenu1.ai">
      <Filter>Resource Files</Filter>
    </None>
    <None Include="RES\table.ai">
      <Filter>Resource Files</Filter>
    </None>
  </ItemGroup>
  <ItemGroup>
    <ClCompile Include="Source\audio.cpp">
      <Filter>GameLibrary</Filter>
    </ClCompile>
    <ClCompile Include="Source\game.cpp">
      <Filter>MFC</Filter>
    </ClCompile>
    <ClCompile Include="Source\gameDoc.cpp">
      <Filter>MFC</Filter>
    </ClCompile>
    <ClCompile Include="Source\gamelib.cpp">
      <Filter>GameLibrary</Filter>
    </ClCompile>
    <ClCompile Include="Source\gameView.cpp">
      <Filter>MFC</Filter>
    </ClCompile>
    <ClCompile Include="Source\MainFrm.cpp">
      <Filter>MFC</Filter>
    </ClCompile>
    <ClCompile Include="Source\StdAfx.cpp">
      <Filter>MFC</Filter>
    </ClCompile>
    <ClCompile Include="Source\mygame.cpp">
      <Filter>MyGame</Filter>
    </ClCompile>
    <ClCompile Include="Source\GameCharacter.cpp">
      <Filter>MyGame</Filter>
    </ClCompile>
    <ClCompile Include="Source\Stage.cpp">
      <Filter>MyGame</Filter>
    </ClCompile>
    <ClCompile Include="Source\Monster.cpp">
      <Filter>MyGame</Filter>
    </ClCompile>
    <ClCompile Include="Source\NPC.cpp">
      <Filter>MyGame</Filter>
    </ClCompile>
    <ClCompile Include="Source\GameMenu.cpp">
      <Filter>MyGame</Filter>
    </ClCompile>
    <ClCompile Include="Source\GameSystem.cpp">
      <Filter>MyGame</Filter>
    </ClCompile>
    <ClCompile Include="Source\SpyMenu.cpp">
      <Filter>MyGame</Filter>
    </ClCompile>
    <ClCompile Include="Source\FlyingMenu.cpp">
      <Filter>MyGame</Filter>
    </ClCompile>
    <ClCompile Include="Source\DialogMenu.cpp">
      <Filter>MyGame</Filter>
    </ClCompile>
    <ClCompile Include="Source\AttackAction.cpp">
      <Filter>MyGame</Filter>
    </ClCompile>
    <ClCompile Include="Source\Event.cpp">
      <Filter>MyGame</Filter>
    </ClCompile>
    <ClCompile Include="Source\AnyGateMenu.cpp">
      <Filter>MyGame</Filter>
    </ClCompile>
    <ClCompile Include="Source\POGSMenu.cpp">
      <Filter>MyGame</Filter>
    </ClCompile>
  </ItemGroup>
  <ItemGroup>
    <ClInclude Include="Source\audio.h">
      <Filter>GameLibrary</Filter>
    </ClInclude>
    <ClInclude Include="Source\game.h">
      <Filter>MFC</Filter>
    </ClInclude>
    <ClInclude Include="Source\gameDoc.h">
      <Filter>MFC</Filter>
    </ClInclude>
    <ClInclude Include="Source\gamelib.h">
      <Filter>GameLibrary</Filter>
    </ClInclude>
    <ClInclude Include="Source\gameView.h">
      <Filter>MFC</Filter>
    </ClInclude>
    <ClInclude Include="Source\MainFrm.h">
      <Filter>MFC</Filter>
    </ClInclude>
    <ClInclude Include="Source\Resource.h">
      <Filter>MFC</Filter>
    </ClInclude>
    <ClInclude Include="Source\StdAfx.h">
      <Filter>MFC</Filter>
    </ClInclude>
    <ClInclude Include="Source\mygame.h">
      <Filter>MyGame</Filter>
    </ClInclude>
    <ClInclude Include="Source\GameCharacter.h">
      <Filter>MyGame</Filter>
    </ClInclude>
    <ClInclude Include="Source\Stage.h">
      <Filter>MyGame</Filter>
    </ClInclude>
    <ClInclude Include="Source\Material.h">
      <Filter>MyGame</Filter>
    </ClInclude>
    <ClInclude Include="Source\Monster.h">
      <Filter>MyGame</Filter>
    </ClInclude>
    <ClInclude Include="Source\NPC.h">
      <Filter>MyGame</Filter>
    </ClInclude>
    <ClInclude Include="Source\GameMenu.h">
      <Filter>MyGame</Filter>
    </ClInclude>
    <ClInclude Include="Source\GameSystem.h">
      <Filter>MyGame</Filter>
    </ClInclude>
    <ClInclude Include="Source\Spymenu.h">
      <Filter>MyGame</Filter>
    </ClInclude>
    <ClInclude Include="Source\FlyingMenu.h">
      <Filter>MyGame</Filter>
    </ClInclude>
    <ClInclude Include="Source\DialogMenu.h">
      <Filter>MyGame</Filter>
    </ClInclude>
    <ClInclude Include="Source\AttackAction.h">
      <Filter>MyGame</Filter>
    </ClInclude>
    <ClInclude Include="Source\Event.h">
      <Filter>MyGame</Filter>
    </ClInclude>
    <ClInclude Include="Source\AnyGateMenu.h">
      <Filter>MyGame</Filter>
    </ClInclude>
    <ClInclude Include="Source\POGSMenu.h">
      <Filter>MyGame</Filter>
    </ClInclude>
  </ItemGroup>
  <ItemGroup>
    <ResourceCompile Include="Source\game.rc">
      <Filter>MFC</Filter>
    </ResourceCompile>
  </ItemGroup>
  <ItemGroup>
    <Image Include="res\bitmap3.bmp">
      <Filter>Resource Files</Filter>
    </Image>
    <Image Include="RES\giraffe.bmp">
      <Filter>Resource Files</Filter>
    </Image>
    <Image Include="RES\road.bmp">
      <Filter>Resource Files</Filter>
    </Image>
    <Image Include="RES\wall.bmp">
      <Filter>Resource Files</Filter>
    </Image>
    <Image Include="RES\character.bmp">
      <Filter>Resource Files</Filter>
    </Image>
    <Image Include="RES\chest.bmp">
      <Filter>Resource Files</Filter>
    </Image>
    <Image Include="RES\ladder.bmp">
      <Filter>Resource Files</Filter>
    </Image>
    <Image Include="RES\grape.bmp">
      <Filter>Resource Files</Filter>
    </Image>
    <Image Include="RES\goldkey.bmp">
      <Filter>Resource Files</Filter>
    </Image>
    <Image Include="RES\sliverkey.bmp">
      <Filter>Resource Files</Filter>
    </Image>
    <Image Include="RES\key.bmp">
      <Filter>Resource Files</Filter>
    </Image>
    <Image Include="RES\event.bmp">
      <Filter>Resource Files</Filter>
    </Image>
    <Image Include="RES\amulet_of_ice.bmp">
      <Filter>Resource Files</Filter>
    </Image>
    <Image Include="RES\anti_poison.bmp">
      <Filter>Resource Files</Filter>
    </Image>
    <Image Include="RES\attack_animation_1.bmp">
      <Filter>Resource Files</Filter>
    </Image>
    <Image Include="RES\attack_animation_2.bmp">
      <Filter>Resource Files</Filter>
    </Image>
    <Image Include="RES\attack_animation_3.bmp">
      <Filter>Resource Files</Filter>
    </Image>
    <Image Include="RES\AttackPlatform.bmp">
      <Filter>Resource Files</Filter>
    </Image>
    <Image Include="RES\background.bmp">
      <Filter>Resource Files</Filter>
    </Image>
    <Image Include="RES\bat.bmp">
      <Filter>Resource Files</Filter>
    </Image>
    <Image Include="RES\bat2.bmp">
      <Filter>Resource Files</Filter>
    </Image>
    <Image Include="RES\big_bat.bmp">
      <Filter>Resource Files</Filter>
    </Image>
    <Image Include="RES\big_bat2.bmp">
      <Filter>Resource Files</Filter>
    </Image>
    <Image Include="RES\big_slime.bmp">
      <Filter>Resource Files</Filter>
    </Image>
    <Image Include="RES\big_slime_2.bmp">
      <Filter>Resource Files</Filter>
    </Image>
    <Image Include="RES\big_slime2.bmp">
      <Filter>Resource Files</Filter>
    </Image>
    <Image Include="RES\blue_door.bmp">
      <Filter>Resource Files</Filter>
    </Image>
    <Image Include="RES\blue_door2.bmp">
      <Filter>Resource Files</Filter>
    </Image>
    <Image Include="RES\blue_door3.bmp">
      <Filter>Resource Files</Filter>
    </Image>
    <Image Include="RES\blue_door4.bmp">
      <Filter>Resource Files</Filter>
    </Image>
    <Image Include="RES\blue_door5.bmp">
      <Filter>Resource Files</Filter>
    </Image>
    <Image Include="RES\blue_key.bmp">
      <Filter>Resource Files</Filter>
    </Image>
    <Image Include="RES\blue_potion.bmp">
      <Filter>Resource Files</Filter>
    </Image>
    <Image Include="RES\character2.bmp">
      <Filter>Resource Files</Filter>
    </Image>
    <Image Include="RES\coin_200.bmp">
      <Filter>Resource Files</Filter>
    </Image>
    <Image Include="RES\cross.bmp">
      <Filter>Resource Files</Filter>
    </Image>
    <Image Include="RES\dark_knight.bmp">
      <Filter>Resource Files</Filter>
    </Image>
    <Image Include="RES\dark_knight2.bmp">
      <Filter>Resource Files</Filter>
    </Image>
    <Image Include="RES\DialogMenu.bmp">
      <Filter>Resource Files</Filter>
    </Image>
    <Image Include="RES\downstair.bmp">
      <Filter>Resource Files</Filter>
    </Image>
    <Image Include="RES\elder.bmp">
      <Filter>Resource Files</Filter>
    </Image>
    <Image Include="RES\elder2.bmp">
      <Filter>Resource Files</Filter>
    </Image>
    <Image Include="RES\emerald.bmp">
      <Filter>Resource Files</Filter>
    </Image>
    <Image Include="RES\empty_animation.bmp">
      <Filter>Resource Files</Filter>
    </Image>
    <Image Include="RES\fairy.bmp">
      <Filter>Resource Files</Filter>
    </Image>
    <Image Include="RES\fairy2.bmp">
      <Filter>Resource Files</Filter>
    </Image>
    <Image Include="RES\fire_drink.bmp">
      <Filter>Resource Files</Filter>
    </Image>
    <Image Include="RES\gate_keeper_a.bmp">
      <Filter>Resource Files</Filter>
    </Image>
    <Image Include="RES\gate_keeper_a2.bmp">
      <Filter>Resource Files</Filter>
    </Image>
    <Image Include="RES\gate_keeper_b.bmp">
      <Filter>Resource Files</Filter>
    </Image>
    <Image Include="RES\gate_keeper_b2.bmp">
      <Filter>Resource Files</Filter>
    </Image>
    <Image Include="RES\gate_keeper_c.bmp">
      <Filter>Resource Files</Filter>
    </Image>
    <Image Include="RES\gate_keeper_c2.bmp">
      <Filter>Resource Files</Filter>
    </Image>
    <Image Include="RES\gem_digger.bmp">
      <Filter>Resource Files</Filter>
    </Image>
    <Image Include="RES\gem_door.bmp">
      <Filter>Resource Files</Filter>
    </Image>
    <Image Include="RES\gem_hoe.bmp">
      <Filter>Resource Files</Filter>
    </Image>
    <Image Include="RES\god_knife_sign.bmp">
      <Filter>Resource Files</Filter>
    </Image>
    <Image Include="RES\great_magic_master.bmp">
      <Filter>Resource Files</Filter>
    </Image>
    <Image Include="RES\great_magic_master2.bmp">
      <Filter>Resource Files</Filter>
    </Image>
    <Image Include="RES\green_slime.bmp">
      <Filter>Resource Files</Filter>
    </Image>
    <Image Include="RES\green_slime2.bmp">
      <Filter>Resource Files</Filter>
    </Image>
    <Image Include="RES\hoe.bmp">
      <Filter>Resource Files</Filter>
    </Image>
    <Image Include="RES\holy_cross_shield.bmp">
      <Filter>Resource Files</Filter>
    </Image>
    <Image Include="RES\iron_fence.bmp">
      <Filter>Resource Files</Filter>
    </Image>
    <Image Include="RES\iron_knight_a.bmp">
      <Filter>Resource Files</Filter>
    </Image>
    <Image Include="RES\iron_knight_a2.bmp">
      <Filter>Resource Files</Filter>
    </Image>
    <Image Include="RES\iron_knight_b.bmp">
      <Filter>Resource Files</Filter>
    </Image>
    <Image Include="RES\iron_knight_b2.bmp">
      <Filter>Resource Files</Filter>
    </Image>
    <Image Include="RES\jump_wing.bmp">
      <Filter>Resource Files</Filter>
    </Image>
    <Image Include="RES\knight.bmp">
      <Filter>Resource Files</Filter>
    </Image>
    <Image Include="RES\knight2.bmp">
      <Filter>Resource Files</Filter>
    </Image>
    <Image Include="RES\lava.bmp">
      <Filter>Resource Files</Filter>
    </Image>
    <Image Include="RES\lava_road.bmp">
      <Filter>Resource Files</Filter>
    </Image>
    <Image Include="RES\lava_road2.bmp">
      <Filter>Resource Files</Filter>
    </Image>
    <Image Include="RES\lava2.bmp">
      <Filter>Resource Files</Filter>
    </Image>
    <Image Include="RES\light_shiled.bmp">
      <Filter>Resource Files</Filter>
    </Image>
    <Image Include="RES\lucky_coin.bmp">
      <Filter>Resource Files</Filter>
    </Image>
    <Image Include="RES\magacian_a.bmp">
      <Filter>Resource Files</Filter>
    </Image>
    <Image Include="RES\magacian_a2.bmp">
      <Filter>Resource Files</Filter>
    </Image>
    <Image Include="RES\magacian_b.bmp">
      <Filter>Resource Files</Filter>
    </Image>
    <Image Include="RES\magacian_b2.bmp">
      <Filter>Resource Files</Filter>
    </Image>
    <Image Include="RES\magic_key.bmp">
      <Filter>Resource Files</Filter>
    </Image>
    <Image Include="RES\magic_sergeant_a.bmp">
      <Filter>Resource Files</Filter>
    </Image>
    <Image Include="RES\magic_sergeant_a2.bmp">
      <Filter>Resource Files</Filter>
    </Image>
    <Image Include="RES\magic_sergeant_b.bmp">
      <Filter>Resource Files</Filter>
    </Image>
    <Image Include="RES\magic_sergeant_b2.bmp">
      <Filter>Resource Files</Filter>
    </Image>
    <Image Include="RES\magic_sergeant_c.bmp">
      <Filter>Resource Files</Filter>
    </Image>
    <Image Include="RES\magic_sergeant_c2.bmp">
      <Filter>Resource Files</Filter>
    </Image>
    <Image Include="RES\magic_sergeant_d.bmp">
      <Filter>Resource Files</Filter>
    </Image>
    <Image Include="RES\magic_sergeant_d2.bmp">
      <Filter>Resource Files</Filter>
    </Image>
    <Image Include="RES\margin_block.bmp">
      <Filter>Resource Files</Filter>
    </Image>
    <Image Include="RES\menu.bmp">
      <Filter>Resource Files</Filter>
    </Image>
    <Image Include="RES\optionArrow.bmp">
      <Filter>Resource Files</Filter>
    </Image>
    <Image Include="RES\optionMenu1.bmp">
      <Filter>Resource Files</Filter>
    </Image>
    <Image Include="RES\priest_a.bmp">
      <Filter>Resource Files</Filter>
    </Image>
    <Image Include="RES\priest_a2.bmp">
      <Filter>Resource Files</Filter>
    </Image>
    <Image Include="RES\priest_b.bmp">
      <Filter>Resource Files</Filter>
    </Image>
    <Image Include="RES\priest_b2.bmp">
      <Filter>Resource Files</Filter>
    </Image>
    <Image Include="RES\priest_c.bmp">
      <Filter>Resource Files</Filter>
    </Image>
    <Image Include="RES\priest_c2.bmp">
      <Filter>Resource Files</Filter>
    </Image>
    <Image Include="RES\princess.bmp">
      <Filter>Resource Files</Filter>
    </Image>
    <Image Include="RES\princess2.bmp">
      <Filter>Resource Files</Filter>
    </Image>
    <Image Include="RES\red_door.bmp">
      <Filter>Resource Files</Filter>
    </Image>
    <Image Include="RES\red_door2.bmp">
      <Filter>Resource Files</Filter>
    </Image>
    <Image Include="RES\red_door3.bmp">
      <Filter>Resource Files</Filter>
    </Image>
    <Image Include="RES\red_door4.bmp">
      <Filter>Resource Files</Filter>
    </Image>
    <Image Include="RES\red_door5.bmp">
      <Filter>Resource Files</Filter>
    </Image>
    <Image Include="RES\red_key.bmp">
      <Filter>Resource Files</Filter>
    </Image>
    <Image Include="RES\red_potion.bmp">
      <Filter>Resource Files</Filter>
    </Image>
    <Image Include="RES\red_slime.bmp">
      <Filter>Resource Files</Filter>
    </Image>
    <Image Include="RES\red_slime2.bmp">
      <Filter>Resource Files</Filter>
    </Image>
    <Image Include="RES\ruby.bmp">
      <Filter>Resource Files</Filter>
    </Image>
    <Image Include="RES\sapphire.bmp">
      <Filter>Resource Files</Filter>
    </Image>
    <Image Include="RES\shield_c.bmp">
      <Filter>Resource Files</Filter>
    </Image>
    <Image Include="RES\shield_d.bmp">
      <Filter>Resource Files</Filter>
    </Image>
    <Image Include="RES\shop_1_1.bmp">
      <Filter>Resource Files</Filter>
    </Image>
    <Image Include="RES\shop_1_2.bmp">
      <Filter>Resource Files</Filter>
    </Image>
    <Image Include="RES\shop_1_3.bmp">
      <Filter>Resource Files</Filter>
    </Image>
    <Image Include="RES\shop_1_22.bmp">
      <Filter>Resource Files</Filter>
    </Image>
    <Image Include="RES\shop_2_1.bmp">
      <Filter>Resource Files</Filter>
    </Image>
    <Image Include="RES\shop_2_2.bmp">
      <Filter>Resource Files</Filter>
    </Image>
    <Image Include="RES\shop_2_3.bmp">
      <Filter>Resource Files</Filter>
    </Image>
    <Image Include="RES\shop_2_22.bmp">
      <Filter>Resource Files</Filter>
    </Image>
    <Image Include="RES\shopkeeper.bmp">
      <Filter>Resource Files</Filter>
    </Image>
    <Image Include="RES\shopkeeper2.bmp">
      <Filter>Resource Files</Filter>
    </Image>
    <Image Include="RES\silver_slime.bmp">
      <Filter>Resource Files</Filter>
    </Image>
    <Image Include="RES\silver_slime2.bmp">
      <Filter>Resource Files</Filter>
    </Image>
    <Image Include="RES\skeleton_a.bmp">
      <Filter>Resource Files</Filter>
    </Image>
    <Image Include="RES\skeleton_a2.bmp">
      <Filter>Resource Files</Filter>
    </Image>
    <Image Include="RES\skeleton_b.bmp">
      <Filter>Resource Files</Filter>
    </Image>
    <Image Include="RES\skeleton_b2.bmp">
      <Filter>Resource Files</Filter>
    </Image>
    <Image Include="RES\skeleton_c.bmp">
      <Filter>Resource Files</Filter>
    </Image>
    <Image Include="RES\skeleton_c2.bmp">
      <Filter>Resource Files</Filter>
    </Image>
    <Image Include="RES\slime_lord.bmp">
      <Filter>Resource Files</Filter>
    </Image>
    <Image Include="RES\slime_lord2.bmp">
      <Filter>Resource Files</Filter>
    </Image>
    <Image Include="RES\slime_men.bmp">
      <Filter>Resource Files</Filter>
    </Image>
    <Image Include="RES\slime_men2.bmp">
      <Filter>Resource Files</Filter>
    </Image>
    <Image Include="RES\soul_skeleton.bmp">
      <Filter>Resource Files</Filter>
    </Image>
    <Image Include="RES\soul_skeleton_knight.bmp">
      <Filter>Resource Files</Filter>
    </Image>
    <Image Include="RES\soul_skeleton_knight2.bmp">
      <Filter>Resource Files</Filter>
    </Image>
    <Image Include="RES\soul_skeleton2.bmp">
      <Filter>Resource Files</Filter>
    </Image>
    <Image Include="RES\stone_monster_a.bmp">
      <Filter>Resource Files</Filter>
    </Image>
    <Image Include="RES\stone_monster_a2.bmp">
      <Filter>Resource Files</Filter>
    </Image>
    <Image Include="RES\stone_monster_b.bmp">
      <Filter>Resource Files</Filter>
    </Image>
    <Image Include="RES\stone_monster_b2.bmp">
      <Filter>Resource Files</Filter>
    </Image>
    <Image Include="RES\sushi.bmp">
      <Filter>Resource Files</Filter>
    </Image>
    <Image Include="RES\sword_a.bmp">
      <Filter>Resource Files</Filter>
    </Image>
    <Image Include="RES\sword_b.bmp">
      <Filter>Resource Files</Filter>
    </Image>
    <Image Include="RES\sword_c.bmp">
      <Filter>Resource Files</Filter>
    </Image>
    <Image Include="RES\sword_d.bmp">
      <Filter>Resource Files</Filter>
    </Image>
    <Image Include="RES\swordsman.bmp">
      <Filter>Resource Files</Filter>
    </Image>
    <Image Include="RES\swordsman2.bmp">
      <Filter>Resource Files</Filter>
    </Image>
    <Image Include="RES\thief.bmp">
      <Filter>Resource Files</Filter>
    </Image>
    <Image Include="RES\thief2.bmp">
      <Filter>Resource Files</Filter>
    </Image>
    <Image Include="RES\upstair.bmp">
      <Filter>Resource Files</Filter>
    </Image>
    <Image Include="RES\vampire.bmp">
      <Filter>Resource Files</Filter>
    </Image>
    <Image Include="RES\vampire_bat.bmp">
      <Filter>Resource Files</Filter>
    </Image>
    <Image Include="RES\vampire_bat2.bmp">
      <Filter>Resource Files</Filter>
    </Image>
    <Image Include="RES\vampire2.bmp">
      <Filter>Resource Files</Filter>
    </Image>
    <Image Include="RES\wall_b.bmp">
      <Filter>Resource Files</Filter>
    </Image>
    <Image Include="RES\wall_shine.bmp">
      <Filter>Resource Files</Filter>
    </Image>
    <Image Include="RES\wall_shine2.bmp">
      <Filter>Resource Files</Filter>
    </Image>
    <Image Include="RES\wall_special.bmp">
      <Filter>Resource Files</Filter>
    </Image>
    <Image Include="RES\WinPlatform.bmp">
      <Filter>Resource Files</Filter>
    </Image>
    <Image Include="RES\yellow_door.bmp">
      <Filter>Resource Files</Filter>
    </Image>
    <Image Include="RES\yellow_door2.bmp">
      <Filter>Resource Files</Filter>
    </Image>
    <Image Include="RES\yellow_door3.bmp">
      <Filter>Resource Files</Filter>
    </Image>
    <Image Include="RES\yellow_door4.bmp">
      <Filter>Resource Files</Filter>
    </Image>
    <Image Include="RES\yellow_door5.bmp">
      <Filter>Resource Files</Filter>
    </Image>
    <Image Include="RES\yellow_key.bmp">
      <Filter>Resource Files</Filter>
    </Image>
    <Image Include="RES\zombie.bmp">
      <Filter>Resource Files</Filter>
    </Image>
    <Image Include="RES\zombie_knight.bmp">
      <Filter>Resource Files</Filter>
    </Image>
    <Image Include="RES\zombie_knight2.bmp">
      <Filter>Resource Files</Filter>
    </Image>
    <Image Include="RES\zombie2.bmp">
      <Filter>Resource Files</Filter>
    </Image>
  </ItemGroup>
</Project>